
Microsoft Visual Studio Solution File, Format Version 12.00
# Visual Studio 15
VisualStudioVersion = 15.0.28307.168
MinimumVisualStudioVersion = 10.0.40219.1
Project("{FAE04EC0-301F-11D3-BF4B-00C04F79EFBC}") = "T.STORE.SYSTEM.Application", "T.STORE.SYSTEM.Application\T.STORE.SYSTEM.Application.csproj", "{ED8D3467-938C-4D2E-884F-C9BC3DAA56FC}"
EndProject
Project("{FAE04EC0-301F-11D3-BF4B-00C04F79EFBC}") = "T.STORE.SYSTEM.Domain", "T.STORE.SYSTEM.Domain\T.STORE.SYSTEM.Domain.csproj", "{BDA4374C-9244-4052-8535-37DAED7113B6}"
EndProject
Project("{FAE04EC0-301F-11D3-BF4B-00C04F79EFBC}") = "T.STORE.SYSTEM.Core", "T.STORE.SYSTEM.Core\T.STORE.SYSTEM.Core.csproj", "{D0D19F31-7635-43F7-B621-9A3BB2848BD4}"
EndProject
Project("{FAE04EC0-301F-11D3-BF4B-00C04F79EFBC}") = "T.STORE.SYSTEM.EntityFrameworkCore", "T.STORE.SYSTEM.EntityFrameworkCore\T.STORE.SYSTEM.EntityFrameworkCore.csproj", "{634ECE44-7A2A-4881-9ADF-ED99472F62F4}"
EndProject
Project("{9A19103F-16F7-4668-BE54-9A1E7A4F7556}") = "T.STORE.SYSTEM.Web", "T.STORE.SYSTEM.Web\T.STORE.SYSTEM.Web.csproj", "{85F808DE-1611-43C6-8A0B-87D2B6A349A5}"
EndProject
Project("{FAE04EC0-301F-11D3-BF4B-00C04F79EFBC}") = "T.STORE.SYSTEM.Repository", "T.STORE.SYSTEM.Repository\T.STORE.SYSTEM.Repository.csproj", "{C1EC2198-07E2-4011-9C94-53808EBF70C3}"
EndProject
Project("{9A19103F-16F7-4668-BE54-9A1E7A4F7556}") = "T.STORE.SYSTEM.WebApi", "T.STORE.SYSTEM.WebApi\T.STORE.SYSTEM.WebApi.csproj", "{569AFC64-E89E-44EE-A19D-B83129BE0BEE}"
EndProject
Global
	GlobalSection(SolutionConfigurationPlatforms) = preSolution
		Debug|Any CPU = Debug|Any CPU
		Release|Any CPU = Release|Any CPU
	EndGlobalSection
	GlobalSection(ProjectConfigurationPlatforms) = postSolution
		{ED8D3467-938C-4D2E-884F-C9BC3DAA56FC}.Debug|Any CPU.ActiveCfg = Debug|Any CPU
		{ED8D3467-938C-4D2E-884F-C9BC3DAA56FC}.Debug|Any CPU.Build.0 = Debug|Any CPU
		{ED8D3467-938C-4D2E-884F-C9BC3DAA56FC}.Release|Any CPU.ActiveCfg = Release|Any CPU
		{ED8D3467-938C-4D2E-884F-C9BC3DAA56FC}.Release|Any CPU.Build.0 = Release|Any CPU
		{BDA4374C-9244-4052-8535-37DAED7113B6}.Debug|Any CPU.ActiveCfg = Debug|Any CPU
		{BDA4374C-9244-4052-8535-37DAED7113B6}.Debug|Any CPU.Build.0 = Debug|Any CPU
		{BDA4374C-9244-4052-8535-37DAED7113B6}.Release|Any CPU.ActiveCfg = Release|Any CPU
		{BDA4374C-9244-4052-8535-37DAED7113B6}.Release|Any CPU.Build.0 = Release|Any CPU
		{D0D19F31-7635-43F7-B621-9A3BB2848BD4}.Debug|Any CPU.ActiveCfg = Debug|Any CPU
		{D0D19F31-7635-43F7-B621-9A3BB2848BD4}.Debug|Any CPU.Build.0 = Debug|Any CPU
		{D0D19F31-7635-43F7-B621-9A3BB2848BD4}.Release|Any CPU.ActiveCfg = Release|Any CPU
		{D0D19F31-7635-43F7-B621-9A3BB2848BD4}.Release|Any CPU.Build.0 = Release|Any CPU
		{634ECE44-7A2A-4881-9ADF-ED99472F62F4}.Debug|Any CPU.ActiveCfg = Debug|Any CPU
		{634ECE44-7A2A-4881-9ADF-ED99472F62F4}.Debug|Any CPU.Build.0 = Debug|Any CPU
		{634ECE44-7A2A-4881-9ADF-ED99472F62F4}.Release|Any CPU.ActiveCfg = Release|Any CPU
		{634ECE44-7A2A-4881-9ADF-ED99472F62F4}.Release|Any CPU.Build.0 = Release|Any CPU
		{85F808DE-1611-43C6-8A0B-87D2B6A349A5}.Debug|Any CPU.ActiveCfg = Debug|Any CPU
		{85F808DE-1611-43C6-8A0B-87D2B6A349A5}.Debug|Any CPU.Build.0 = Debug|Any CPU
		{85F808DE-1611-43C6-8A0B-87D2B6A349A5}.Release|Any CPU.ActiveCfg = Release|Any CPU
		{85F808DE-1611-43C6-8A0B-87D2B6A349A5}.Release|Any CPU.Build.0 = Release|Any CPU
		{C1EC2198-07E2-4011-9C94-53808EBF70C3}.Debug|Any CPU.ActiveCfg = Debug|Any CPU
		{C1EC2198-07E2-4011-9C94-53808EBF70C3}.Debug|Any CPU.Build.0 = Debug|Any CPU
		{C1EC2198-07E2-4011-9C94-53808EBF70C3}.Release|Any CPU.ActiveCfg = Release|Any CPU
		{C1EC2198-07E2-4011-9C94-53808EBF70C3}.Release|Any CPU.Build.0 = Release|Any CPU
		{569AFC64-E89E-44EE-A19D-B83129BE0BEE}.Debug|Any CPU.ActiveCfg = Debug|Any CPU
		{569AFC64-E89E-44EE-A19D-B83129BE0BEE}.Debug|Any CPU.Build.0 = Debug|Any CPU
		{569AFC64-E89E-44EE-A19D-B83129BE0BEE}.Release|Any CPU.ActiveCfg = Release|Any CPU
		{569AFC64-E89E-44EE-A19D-B83129BE0BEE}.Release|Any CPU.Build.0 = Release|Any CPU
	EndGlobalSection
	GlobalSection(SolutionProperties) = preSolution
		HideSolutionNode = FALSE
	EndGlobalSection
	GlobalSection(ExtensibilityGlobals) = postSolution
		SolutionGuid = {6E6F89FD-9CD6-4CD2-B58B-92835B4D8DE8}
	EndGlobalSection
EndGlobal
